
Microsoft Visual Studio Solution File, Format Version 12.00
# Visual Studio 14
VisualStudioVersion = 14.0.25420.1
MinimumVisualStudioVersion = 10.0.40219.1
Project("{E24C65DC-7377-472B-9ABA-BC803B73C61A}") = "web", "web\", "{9DCF3CF1-E2B6-452D-83F1-E4B64B9B4015}"
	ProjectSection(WebsiteProperties) = preProject
		TargetFrameworkMoniker = ".NETFramework,Version%3Dv4.6.1"
		Debug.AspNetCompiler.VirtualPath = "/localhost_51657"
		Debug.AspNetCompiler.PhysicalPath = "web\"
		Debug.AspNetCompiler.TargetPath = "PrecompiledWeb\localhost_51657\"
		Debug.AspNetCompiler.Updateable = "true"
		Debug.AspNetCompiler.ForceOverwrite = "true"
		Debug.AspNetCompiler.FixedNames = "false"
		Debug.AspNetCompiler.Debug = "True"
		Release.AspNetCompiler.VirtualPath = "/localhost_51657"
		Release.AspNetCompiler.PhysicalPath = "web\"
		Release.AspNetCompiler.TargetPath = "PrecompiledWeb\localhost_51657\"
		Release.AspNetCompiler.Updateable = "true"
		Release.AspNetCompiler.ForceOverwrite = "true"
		Release.AspNetCompiler.FixedNames = "false"
		Release.AspNetCompiler.Debug = "False"
		VWDPort = "51657"
		SlnRelativePath = "web\"
		DefaultWebSiteLanguage = "Visual C#"
	EndProjectSection
EndProject
Project("{FAE04EC0-301F-11D3-BF4B-00C04F79EFBC}") = "ClienteWS", "ClienteWS\ClienteWS.csproj", "{2E90AA9C-07F4-41A9-A68E-210904DDEA4E}"
EndProject
Global
	GlobalSection(SolutionConfigurationPlatforms) = preSolution
		Debug|Any CPU = Debug|Any CPU
		Release|Any CPU = Release|Any CPU
	EndGlobalSection
	GlobalSection(ProjectConfigurationPlatforms) = postSolution
		{9DCF3CF1-E2B6-452D-83F1-E4B64B9B4015}.Debug|Any CPU.ActiveCfg = Debug|Any CPU
		{9DCF3CF1-E2B6-452D-83F1-E4B64B9B4015}.Debug|Any CPU.Build.0 = Debug|Any CPU
		{9DCF3CF1-E2B6-452D-83F1-E4B64B9B4015}.Release|Any CPU.ActiveCfg = Debug|Any CPU
		{9DCF3CF1-E2B6-452D-83F1-E4B64B9B4015}.Release|Any CPU.Build.0 = Debug|Any CPU
		{2E90AA9C-07F4-41A9-A68E-210904DDEA4E}.Debug|Any CPU.ActiveCfg = Debug|Any CPU
		{2E90AA9C-07F4-41A9-A68E-210904DDEA4E}.Debug|Any CPU.Build.0 = Debug|Any CPU
		{2E90AA9C-07F4-41A9-A68E-210904DDEA4E}.Release|Any CPU.ActiveCfg = Release|Any CPU
		{2E90AA9C-07F4-41A9-A68E-210904DDEA4E}.Release|Any CPU.Build.0 = Release|Any CPU
	EndGlobalSection
	GlobalSection(SolutionProperties) = preSolution
		HideSolutionNode = FALSE
	EndGlobalSection
EndGlobal
